<?xml version="1.0" encoding="utf-8"?>
<Project ToolsVersion="4.0" xmlns="http://schemas.microsoft.com/developer/msbuild/2003">
  <ItemGroup>
    <Filter Include="Source Files">
      <UniqueIdentifier>{4FC737F1-C7A5-4376-A066-2A32D752A2FF}</UniqueIdentifier>
      <Extensions>cpp;c;cc;cxx;def;odl;idl;hpj;bat;asm;asmx</Extensions>
    </Filter>
    <Filter Include="Header Files">
      <UniqueIdentifier>{93995380-89BD-4b04-88EB-625FBE52EBFB}</UniqueIdentifier>
      <Extensions>h;hh;hpp;hxx;hm;inl;inc;ipp;xsd</Extensions>
    </Filter>
    <Filter Include="Resource Files">
      <UniqueIdentifier>{67DA6AB6-F800-4c08-8B7A-83BB121AAD01}</UniqueIdentifier>
      <Extensions>rc;ico;cur;bmp;dlg;rc2;rct;bin;rgs;gif;jpg;jpeg;jpe;resx;tiff;tif;png;wav;mfcribbon-ms</Extensions>
    </Filter>
  </ItemGroup>
  <ItemGroup>
    <ClCompile Include="SLN\main.cpp">
      <Filter>Source Files</Filter>
    </ClCompile>
    <ClCompile Include="SLN\Player.cpp">
      <Filter>Source Files</Filter>
    </ClCompile>
    <ClCompile Include="SLN\Enemy.cpp">
      <Filter>Source Files</Filter>
    </ClCompile>
    <ClCompile Include="SLN\State.cpp">
      <Filter>Source Files</Filter>
    </ClCompile>
    <ClCompile Include="SLN\AttackSequence.cpp">
      <Filter>Source Files</Filter>
    </ClCompile>
    <ClCompile Include="SLN\BulletPaterns.cpp">
      <Filter>Source Files</Filter>
    </ClCompile>
    <ClCompile Include="SLN\PlayerItems.cpp">
      <Filter>Source Files</Filter>
    </ClCompile>
  </ItemGroup>
  <ItemGroup>
    <ClInclude Include="SLN\Player.h">
      <Filter>Header Files</Filter>
    </ClInclude>
    <ClInclude Include="SLN\Enemy.h">
      <Filter>Header Files</Filter>
    </ClInclude>
    <ClInclude Include="SLN\State.h">
      <Filter>Header Files</Filter>
    </ClInclude>
    <ClInclude Include="SLN\Include and globals.h">
      <Filter>Header Files</Filter>
    </ClInclude>
    <ClInclude Include="SLN\AttackSequence.h">
      <Filter>Header Files</Filter>
    </ClInclude>
    <ClInclude Include="SLN\BulletPaterns.h">
      <Filter>Header Files</Filter>
    </ClInclude>
    <ClInclude Include="SLN\PlayerItems.h">
      <Filter>Header Files</Filter>
    </ClInclude>
    <ClInclude Include="SLN\maps.h">
      <Filter>Header Files</Filter>
    </ClInclude>
    <ClInclude Include="SLN\attackSpites.h">
      <Filter>Header Files</Filter>
    </ClInclude>
    <ClInclude Include="SLN\monsterSprites.h">
      <Filter>Header Files</Filter>
    </ClInclude>
    <ClInclude Include="SLN\playSounds.h">
      <Filter>Header Files</Filter>
    </ClInclude>
    <ClInclude Include="SLN\Map.h">
      <Filter>Header Files</Filter>
    </ClInclude>
  </ItemGroup>
</Project>